
Microsoft Visual Studio Solution File, Format Version 12.00
# Visual Studio 15
VisualStudioVersion = 15.0.28307.1000
MinimumVisualStudioVersion = 10.0.40219.1
Project("{FAE04EC0-301F-11D3-BF4B-00C04F79EFBC}") = "SocNetwork", "SocNetwork\SocNetwork.csproj", "{1DCA0713-F09D-4F70-ACDF-2621940D5DA1}"
EndProject
Global
	GlobalSection(SolutionConfigurationPlatforms) = preSolution
		Debug|Any CPU = Debug|Any CPU
		Release|Any CPU = Release|Any CPU
	EndGlobalSection
	GlobalSection(ProjectConfigurationPlatforms) = postSolution
		{1DCA0713-F09D-4F70-ACDF-2621940D5DA1}.Debug|Any CPU.ActiveCfg = Debug|Any CPU
		{1DCA0713-F09D-4F70-ACDF-2621940D5DA1}.Debug|Any CPU.Build.0 = Debug|Any CPU
		{1DCA0713-F09D-4F70-ACDF-2621940D5DA1}.Release|Any CPU.ActiveCfg = Release|Any CPU
		{1DCA0713-F09D-4F70-ACDF-2621940D5DA1}.Release|Any CPU.Build.0 = Release|Any CPU
	EndGlobalSection
	GlobalSection(SolutionProperties) = preSolution
		HideSolutionNode = FALSE
	EndGlobalSection
	GlobalSection(ExtensibilityGlobals) = postSolution
		SolutionGuid = {1E026F81-F133-40B3-97FE-A196CC8933B9}
	EndGlobalSection
EndGlobal
